
Microsoft Visual Studio Solution File, Format Version 12.00
# Visual Studio Version 17
VisualStudioVersion = 17.5.33627.172
MinimumVisualStudioVersion = 10.0.40219.1
Project("{FAE04EC0-301F-11D3-BF4B-00C04F79EFBC}") = "Server", "Server\Server.csproj", "{4716FEEA-E5CA-492A-8294-8D2CB4E47141}"
EndProject
Project("{FAE04EC0-301F-11D3-BF4B-00C04F79EFBC}") = "Client", "Client\Client.csproj", "{87F278B1-90C9-4157-8E20-51136472E805}"
EndProject
Global
	GlobalSection(SolutionConfigurationPlatforms) = preSolution
		Debug|Any CPU = Debug|Any CPU
		Release|Any CPU = Release|Any CPU
	EndGlobalSection
	GlobalSection(ProjectConfigurationPlatforms) = postSolution
		{4716FEEA-E5CA-492A-8294-8D2CB4E47141}.Debug|Any CPU.ActiveCfg = Debug|Any CPU
		{4716FEEA-E5CA-492A-8294-8D2CB4E47141}.Debug|Any CPU.Build.0 = Debug|Any CPU
		{4716FEEA-E5CA-492A-8294-8D2CB4E47141}.Release|Any CPU.ActiveCfg = Release|Any CPU
		{4716FEEA-E5CA-492A-8294-8D2CB4E47141}.Release|Any CPU.Build.0 = Release|Any CPU
		{87F278B1-90C9-4157-8E20-51136472E805}.Debug|Any CPU.ActiveCfg = Debug|Any CPU
		{87F278B1-90C9-4157-8E20-51136472E805}.Debug|Any CPU.Build.0 = Debug|Any CPU
		{87F278B1-90C9-4157-8E20-51136472E805}.Release|Any CPU.ActiveCfg = Release|Any CPU
		{87F278B1-90C9-4157-8E20-51136472E805}.Release|Any CPU.Build.0 = Release|Any CPU
	EndGlobalSection
	GlobalSection(SolutionProperties) = preSolution
		HideSolutionNode = FALSE
	EndGlobalSection
	GlobalSection(ExtensibilityGlobals) = postSolution
		SolutionGuid = {5793F558-2405-4B3A-8376-58787A881468}
	EndGlobalSection
EndGlobal
